
Microsoft Visual Studio Solution File, Format Version 12.00
# Visual Studio Version 17
VisualStudioVersion = 17.5.33627.172
MinimumVisualStudioVersion = 10.0.40219.1
Project("{2150E333-8FDC-42A3-9474-1A3956D46DE8}") = "FrontEnd", "FrontEnd", "{DC9C49E3-DD0A-4644-89FC-EC93B4AEE2B4}"
EndProject
Project("{2150E333-8FDC-42A3-9474-1A3956D46DE8}") = "Services", "Services", "{04AB9E43-7DB9-4ECC-A2C3-DDA4B285A4A8}"
EndProject
Project("{FAE04EC0-301F-11D3-BF4B-00C04F79EFBC}") = "MeuShoopping.Web", "MeuShoopping.Web\MeuShoopping.Web.csproj", "{9837057E-5893-4D60-A9D5-2661E4EB2B66}"
EndProject
Project("{FAE04EC0-301F-11D3-BF4B-00C04F79EFBC}") = "MeuShopping.ProductAPI", "MeuShopping.ProductAPI\MeuShopping.ProductAPI.csproj", "{B5CEDB7E-7447-4323-8ECD-DC21A8477D6D}"
EndProject
Global
	GlobalSection(SolutionConfigurationPlatforms) = preSolution
		Debug|Any CPU = Debug|Any CPU
		Release|Any CPU = Release|Any CPU
	EndGlobalSection
	GlobalSection(ProjectConfigurationPlatforms) = postSolution
		{9837057E-5893-4D60-A9D5-2661E4EB2B66}.Debug|Any CPU.ActiveCfg = Debug|Any CPU
		{9837057E-5893-4D60-A9D5-2661E4EB2B66}.Debug|Any CPU.Build.0 = Debug|Any CPU
		{9837057E-5893-4D60-A9D5-2661E4EB2B66}.Release|Any CPU.ActiveCfg = Release|Any CPU
		{9837057E-5893-4D60-A9D5-2661E4EB2B66}.Release|Any CPU.Build.0 = Release|Any CPU
		{B5CEDB7E-7447-4323-8ECD-DC21A8477D6D}.Debug|Any CPU.ActiveCfg = Debug|Any CPU
		{B5CEDB7E-7447-4323-8ECD-DC21A8477D6D}.Debug|Any CPU.Build.0 = Debug|Any CPU
		{B5CEDB7E-7447-4323-8ECD-DC21A8477D6D}.Release|Any CPU.ActiveCfg = Release|Any CPU
		{B5CEDB7E-7447-4323-8ECD-DC21A8477D6D}.Release|Any CPU.Build.0 = Release|Any CPU
	EndGlobalSection
	GlobalSection(SolutionProperties) = preSolution
		HideSolutionNode = FALSE
	EndGlobalSection
	GlobalSection(NestedProjects) = preSolution
		{9837057E-5893-4D60-A9D5-2661E4EB2B66} = {DC9C49E3-DD0A-4644-89FC-EC93B4AEE2B4}
		{B5CEDB7E-7447-4323-8ECD-DC21A8477D6D} = {04AB9E43-7DB9-4ECC-A2C3-DDA4B285A4A8}
	EndGlobalSection
	GlobalSection(ExtensibilityGlobals) = postSolution
		SolutionGuid = {5E06A7BF-AB46-4D5E-8095-82379FDD0EED}
	EndGlobalSection
EndGlobal
